
Microsoft Visual Studio Solution File, Format Version 12.00
# Visual Studio Version 16
VisualStudioVersion = 16.0.30804.86
MinimumVisualStudioVersion = 10.0.40219.1
Project("{FAE04EC0-301F-11D3-BF4B-00C04F79EFBC}") = "CyberPunk2077 Patcher (For AMD)", "CyberPunk2077 Patcher (For AMD)\CyberPunk2077 Patcher (For AMD).csproj", "{D7B57877-CE56-4984-BCF6-869AF93F5AA4}"
EndProject
Global
	GlobalSection(SolutionConfigurationPlatforms) = preSolution
		Debug|Any CPU = Debug|Any CPU
		Release|Any CPU = Release|Any CPU
	EndGlobalSection
	GlobalSection(ProjectConfigurationPlatforms) = postSolution
		{D7B57877-CE56-4984-BCF6-869AF93F5AA4}.Debug|Any CPU.ActiveCfg = Debug|Any CPU
		{D7B57877-CE56-4984-BCF6-869AF93F5AA4}.Debug|Any CPU.Build.0 = Debug|Any CPU
		{D7B57877-CE56-4984-BCF6-869AF93F5AA4}.Release|Any CPU.ActiveCfg = Release|Any CPU
		{D7B57877-CE56-4984-BCF6-869AF93F5AA4}.Release|Any CPU.Build.0 = Release|Any CPU
	EndGlobalSection
	GlobalSection(SolutionProperties) = preSolution
		HideSolutionNode = FALSE
	EndGlobalSection
	GlobalSection(ExtensibilityGlobals) = postSolution
		SolutionGuid = {FBBA8A12-0315-4ED5-AD25-13ADEED44E06}
	EndGlobalSection
EndGlobal
